
Microsoft Visual Studio Solution File, Format Version 12.00
# Visual Studio 14
VisualStudioVersion = 14.0.25420.1
MinimumVisualStudioVersion = 10.0.40219.1
Project("{FAE04EC0-301F-11D3-BF4B-00C04F79EFBC}") = "TestScaffold", "TestScaffold\TestScaffold.csproj", "{A2AD013F-FD23-415C-945D-1F54C875883D}"
EndProject
Project("{FAE04EC0-301F-11D3-BF4B-00C04F79EFBC}") = "TestPS", "TestPS\TestPS.csproj", "{B23CA432-E4FB-4BBB-8A43-40FBE3A4BBDF}"
EndProject
Global
	GlobalSection(SolutionConfigurationPlatforms) = preSolution
		Debug|Any CPU = Debug|Any CPU
		Release|Any CPU = Release|Any CPU
	EndGlobalSection
	GlobalSection(ProjectConfigurationPlatforms) = postSolution
		{A2AD013F-FD23-415C-945D-1F54C875883D}.Debug|Any CPU.ActiveCfg = Debug|Any CPU
		{A2AD013F-FD23-415C-945D-1F54C875883D}.Debug|Any CPU.Build.0 = Debug|Any CPU
		{A2AD013F-FD23-415C-945D-1F54C875883D}.Release|Any CPU.ActiveCfg = Release|Any CPU
		{A2AD013F-FD23-415C-945D-1F54C875883D}.Release|Any CPU.Build.0 = Release|Any CPU
		{B23CA432-E4FB-4BBB-8A43-40FBE3A4BBDF}.Debug|Any CPU.ActiveCfg = Debug|Any CPU
		{B23CA432-E4FB-4BBB-8A43-40FBE3A4BBDF}.Debug|Any CPU.Build.0 = Debug|Any CPU
		{B23CA432-E4FB-4BBB-8A43-40FBE3A4BBDF}.Release|Any CPU.ActiveCfg = Release|Any CPU
		{B23CA432-E4FB-4BBB-8A43-40FBE3A4BBDF}.Release|Any CPU.Build.0 = Release|Any CPU
	EndGlobalSection
	GlobalSection(SolutionProperties) = preSolution
		HideSolutionNode = FALSE
	EndGlobalSection
EndGlobal
